
Microsoft Visual Studio Solution File, Format Version 12.00
# Visual Studio Version 17
VisualStudioVersion = 17.2.32602.215
MinimumVisualStudioVersion = 10.0.40219.1
Project("{FAE04EC0-301F-11D3-BF4B-00C04F79EFBC}") = "AuthorizationServer", "AuthorizationServer\AuthorizationServer\AuthorizationServer.csproj", "{63D6C741-1EDE-4A40-B8A3-E729A94FCDCA}"
EndProject
Global
	GlobalSection(SolutionConfigurationPlatforms) = preSolution
		Debug|Any CPU = Debug|Any CPU
		Release|Any CPU = Release|Any CPU
	EndGlobalSection
	GlobalSection(ProjectConfigurationPlatforms) = postSolution
		{63D6C741-1EDE-4A40-B8A3-E729A94FCDCA}.Debug|Any CPU.ActiveCfg = Debug|Any CPU
		{63D6C741-1EDE-4A40-B8A3-E729A94FCDCA}.Debug|Any CPU.Build.0 = Debug|Any CPU
		{63D6C741-1EDE-4A40-B8A3-E729A94FCDCA}.Release|Any CPU.ActiveCfg = Release|Any CPU
		{63D6C741-1EDE-4A40-B8A3-E729A94FCDCA}.Release|Any CPU.Build.0 = Release|Any CPU
	EndGlobalSection
	GlobalSection(SolutionProperties) = preSolution
		HideSolutionNode = FALSE
	EndGlobalSection
	GlobalSection(ExtensibilityGlobals) = postSolution
		SolutionGuid = {0065D886-B17F-434D-92EF-69BEBFB402E7}
	EndGlobalSection
EndGlobal
